
Microsoft Visual Studio Solution File, Format Version 12.00
# Visual Studio Version 18
VisualStudioVersion = 18.2.11415.280 d18.0
MinimumVisualStudioVersion = 10.0.40219.1
Project("{2150E333-8FDC-42A3-9474-1A3956D46DE8}") = "CoreSystem", "CoreSystem", "{80894132-2B3F-408E-8607-C26FFD8D853A}"
EndProject
Project("{2150E333-8FDC-42A3-9474-1A3956D46DE8}") = "Plugins", "Plugins", "{BB4A2AFF-DD5A-4B33-9065-57F7491E219E}"
EndProject
Project("{9A19103F-16F7-4668-BE54-9A1E7A4F7556}") = "AuthenticationSystem", "AuthenticationSystem\AuthenticationSystem.csproj", "{FD982518-168F-44FF-81CD-2571BFA2CBCD}"
EndProject
Project("{9A19103F-16F7-4668-BE54-9A1E7A4F7556}") = "Medication", "DoctorPrescription\Medication.csproj", "{040AD0E3-E3BD-41FD-8EF7-2986A65203DC}"
EndProject
Project("{9A19103F-16F7-4668-BE54-9A1E7A4F7556}") = "Doctor", "Doctor\Doctor.csproj", "{15A59EEF-E7E8-46CE-BDFB-C28A2C13A689}"
EndProject
Project("{2150E333-8FDC-42A3-9474-1A3956D46DE8}") = "Shared", "Shared", "{7FC01310-3A52-4E85-BC6B-9583FCB887A3}"
EndProject
Project("{9A19103F-16F7-4668-BE54-9A1E7A4F7556}") = "Entities", "Entities\Entities.csproj", "{312A21A2-C08C-44E0-B078-D13A9404ABB9}"
EndProject
Project("{9A19103F-16F7-4668-BE54-9A1E7A4F7556}") = "DataAccess", "DataAccess\DataAccess.csproj", "{BF07C32E-588B-4670-B0CB-B8E4CF279649}"
EndProject
Project("{9A19103F-16F7-4668-BE54-9A1E7A4F7556}") = "Utility", "Utility\Utility.csproj", "{E46DA91A-88BC-4D10-85F4-0F997672318B}"
EndProject
Project("{9A19103F-16F7-4668-BE54-9A1E7A4F7556}") = "SharedService", "SharedService\SharedService.csproj", "{2270E19A-C849-4BE3-89DE-71B36F0FBE87}"
EndProject
Project("{9A19103F-16F7-4668-BE54-9A1E7A4F7556}") = "DIService", "DIService\DIService.csproj", "{3C6C77C4-E5FA-4803-9A9A-F722AAFC1C25}"
EndProject
Project("{9A19103F-16F7-4668-BE54-9A1E7A4F7556}") = "PluginDIService", "PluginDIService\PluginDIService.csproj", "{99AF6121-A88D-4799-B714-66EA674410B3}"
EndProject
Project("{9A19103F-16F7-4668-BE54-9A1E7A4F7556}") = "Prescription", "Prescription\Prescription.csproj", "{2BE7E086-6339-462C-AA18-02AA136D37A5}"
EndProject
Project("{9A19103F-16F7-4668-BE54-9A1E7A4F7556}") = "Diseases", "Diseases\Diseases.csproj", "{7EC78C39-17B1-4AAA-B050-5E333ABB7FD8}"
EndProject
Project("{9A19103F-16F7-4668-BE54-9A1E7A4F7556}") = "Pharmacies", "Pharmacies\Pharmacies.csproj", "{BD185837-E662-4E51-8633-0BC762078E79}"
EndProject
Project("{9A19103F-16F7-4668-BE54-9A1E7A4F7556}") = "Examinations", "Examinations\Examinations.csproj", "{177FE739-7A46-4378-9D40-56A69E2EB838}"
EndProject
Project("{9A19103F-16F7-4668-BE54-9A1E7A4F7556}") = "Languages", "Languages\Languages.csproj", "{B983680A-764A-478D-B60D-873799C46119}"
EndProject
Project("{9A19103F-16F7-4668-BE54-9A1E7A4F7556}") = "Symptoms", "Symptoms\Symptoms.csproj", "{ADD063EE-6086-403A-8B33-84C152E6695D}"
EndProject
Project("{9A19103F-16F7-4668-BE54-9A1E7A4F7556}") = "Tenants", "Tenants\Tenants.csproj", "{9DB855CC-C96E-41F4-812D-F1738F7D3DA0}"
EndProject
Project("{9A19103F-16F7-4668-BE54-9A1E7A4F7556}") = "Patients", "Patients\Patients.csproj", "{415C8817-003E-4BCD-8769-D3B9BE499375}"
EndProject
Project("{9A19103F-16F7-4668-BE54-9A1E7A4F7556}") = "FollowUp", "FollowUp\FollowUp.csproj", "{150A998D-0111-41F4-9730-348D74C39A1F}"
EndProject
Project("{9A19103F-16F7-4668-BE54-9A1E7A4F7556}") = "Diagonosis", "Diagonosis\Diagonosis.csproj", "{2E643212-7AAF-43E7-84D5-6BD396485367}"
EndProject
Project("{9A19103F-16F7-4668-BE54-9A1E7A4F7556}") = "CommonHistory", "CommonHistory\CommonHistory.csproj", "{585CF914-2E79-466C-9280-A9F79AF938A5}"
EndProject
Project("{9A19103F-16F7-4668-BE54-9A1E7A4F7556}") = "Advice", "Advice\Advice.csproj", "{E0FB77EC-B734-4EEC-8259-3BAE7BFAADE4}"
EndProject
Project("{9A19103F-16F7-4668-BE54-9A1E7A4F7556}") = "Investigation", "Investigation\Investigation.csproj", "{18F3187D-F84F-4CCD-AE4C-C79F413ABD1A}"
EndProject
Project("{9A19103F-16F7-4668-BE54-9A1E7A4F7556}") = "ApiCallService", "ApiCallService\ApiCallService.csproj", "{3C5C2B64-58D0-4E73-BEBD-9B15F3FF81F6}"
EndProject
Project("{9A19103F-16F7-4668-BE54-9A1E7A4F7556}") = "Degree", "Degree\Degree.csproj", "{5154EAD4-E4D2-47A3-86F4-55F2C0FE7347}"
EndProject
Project("{9A19103F-16F7-4668-BE54-9A1E7A4F7556}") = "DoctorDegree", "DoctorDegree\DoctorDegree.csproj", "{9E086AAE-E69B-4A0D-BE38-73D51C699F59}"
EndProject
Project("{9A19103F-16F7-4668-BE54-9A1E7A4F7556}") = "DoctorChamber", "DoctorChamber\DoctorChamber.csproj", "{333FBAA4-336E-4C5F-A887-FA97F352CA80}"
EndProject
Project("{9A19103F-16F7-4668-BE54-9A1E7A4F7556}") = "DoctorExpertise", "DoctorExpertise\DoctorExpertise.csproj", "{EFD55815-53C9-4C73-B01A-B0DB5386846C}"
EndProject
Project("{9A19103F-16F7-4668-BE54-9A1E7A4F7556}") = "ExpertiseCategory", "ExpertiseCategory\ExpertiseCategory.csproj", "{023DF98B-47C3-4696-9260-CB912BA962D8}"
EndProject
Project("{9A19103F-16F7-4668-BE54-9A1E7A4F7556}") = "User", "User\User.csproj", "{26F186E3-2B30-4FBD-970E-EF40B29554CB}"
EndProject
Project("{9A19103F-16F7-4668-BE54-9A1E7A4F7556}") = "Schedule", "Schedule\Schedule.csproj", "{14CC092A-060B-473B-BADD-027348EAA6D1}"
EndProject
Project("{9A19103F-16F7-4668-BE54-9A1E7A4F7556}") = "DoctorSchedule", "DoctorSchedule\DoctorSchedule.csproj", "{02125A01-3AFD-4BBB-89CB-3F71E9B0A573}"
EndProject
Project("{9A19103F-16F7-4668-BE54-9A1E7A4F7556}") = "EmailTemplate", "EmailTemplate\EmailTemplate.csproj", "{14CA1A4A-4497-4AF0-95AD-89EC778D826A}"
EndProject
Project("{9A19103F-16F7-4668-BE54-9A1E7A4F7556}") = "PDTCreator", "PDTCreator\PDTCreator.csproj", "{FADB8DD4-478B-4AA9-BD6D-54DBF0B81152}"
EndProject
Project("{FAE04EC0-301F-11D3-BF4B-00C04F79EFBC}") = "PrescriptionPdf", "PrescriptionPdf\PrescriptionPdf.csproj", "{53EE7C23-9152-4AFD-86D8-26A84B1F6822}"
EndProject
Project("{FAE04EC0-301F-11D3-BF4B-00C04F79EFBC}") = "Notification", "Notification\Notification.csproj", "{47BED824-8166-4847-8025-3A64B688B7B7}"
EndProject
Project("{FAE04EC0-301F-11D3-BF4B-00C04F79EFBC}") = "Appointment", "Appointment\Appointment.csproj", "{65131714-AE7F-424F-9FA3-A7074AA7E466}"
EndProject
Global
	GlobalSection(SolutionConfigurationPlatforms) = preSolution
		Debug|Any CPU = Debug|Any CPU
		Release|Any CPU = Release|Any CPU
	EndGlobalSection
	GlobalSection(ProjectConfigurationPlatforms) = postSolution
		{FD982518-168F-44FF-81CD-2571BFA2CBCD}.Debug|Any CPU.ActiveCfg = Debug|Any CPU
		{FD982518-168F-44FF-81CD-2571BFA2CBCD}.Debug|Any CPU.Build.0 = Debug|Any CPU
		{FD982518-168F-44FF-81CD-2571BFA2CBCD}.Release|Any CPU.ActiveCfg = Release|Any CPU
		{FD982518-168F-44FF-81CD-2571BFA2CBCD}.Release|Any CPU.Build.0 = Release|Any CPU
		{040AD0E3-E3BD-41FD-8EF7-2986A65203DC}.Debug|Any CPU.ActiveCfg = Debug|Any CPU
		{040AD0E3-E3BD-41FD-8EF7-2986A65203DC}.Debug|Any CPU.Build.0 = Debug|Any CPU
		{040AD0E3-E3BD-41FD-8EF7-2986A65203DC}.Release|Any CPU.ActiveCfg = Release|Any CPU
		{040AD0E3-E3BD-41FD-8EF7-2986A65203DC}.Release|Any CPU.Build.0 = Release|Any CPU
		{15A59EEF-E7E8-46CE-BDFB-C28A2C13A689}.Debug|Any CPU.ActiveCfg = Debug|Any CPU
		{15A59EEF-E7E8-46CE-BDFB-C28A2C13A689}.Debug|Any CPU.Build.0 = Debug|Any CPU
		{15A59EEF-E7E8-46CE-BDFB-C28A2C13A689}.Release|Any CPU.ActiveCfg = Release|Any CPU
		{15A59EEF-E7E8-46CE-BDFB-C28A2C13A689}.Release|Any CPU.Build.0 = Release|Any CPU
		{312A21A2-C08C-44E0-B078-D13A9404ABB9}.Debug|Any CPU.ActiveCfg = Debug|Any CPU
		{312A21A2-C08C-44E0-B078-D13A9404ABB9}.Debug|Any CPU.Build.0 = Debug|Any CPU
		{312A21A2-C08C-44E0-B078-D13A9404ABB9}.Release|Any CPU.ActiveCfg = Release|Any CPU
		{312A21A2-C08C-44E0-B078-D13A9404ABB9}.Release|Any CPU.Build.0 = Release|Any CPU
		{BF07C32E-588B-4670-B0CB-B8E4CF279649}.Debug|Any CPU.ActiveCfg = Debug|Any CPU
		{BF07C32E-588B-4670-B0CB-B8E4CF279649}.Debug|Any CPU.Build.0 = Debug|Any CPU
		{BF07C32E-588B-4670-B0CB-B8E4CF279649}.Release|Any CPU.ActiveCfg = Release|Any CPU
		{BF07C32E-588B-4670-B0CB-B8E4CF279649}.Release|Any CPU.Build.0 = Release|Any CPU
		{E46DA91A-88BC-4D10-85F4-0F997672318B}.Debug|Any CPU.ActiveCfg = Debug|Any CPU
		{E46DA91A-88BC-4D10-85F4-0F997672318B}.Debug|Any CPU.Build.0 = Debug|Any CPU
		{E46DA91A-88BC-4D10-85F4-0F997672318B}.Release|Any CPU.ActiveCfg = Release|Any CPU
		{E46DA91A-88BC-4D10-85F4-0F997672318B}.Release|Any CPU.Build.0 = Release|Any CPU
		{2270E19A-C849-4BE3-89DE-71B36F0FBE87}.Debug|Any CPU.ActiveCfg = Debug|Any CPU
		{2270E19A-C849-4BE3-89DE-71B36F0FBE87}.Debug|Any CPU.Build.0 = Debug|Any CPU
		{2270E19A-C849-4BE3-89DE-71B36F0FBE87}.Release|Any CPU.ActiveCfg = Release|Any CPU
		{2270E19A-C849-4BE3-89DE-71B36F0FBE87}.Release|Any CPU.Build.0 = Release|Any CPU
		{3C6C77C4-E5FA-4803-9A9A-F722AAFC1C25}.Debug|Any CPU.ActiveCfg = Debug|Any CPU
		{3C6C77C4-E5FA-4803-9A9A-F722AAFC1C25}.Debug|Any CPU.Build.0 = Debug|Any CPU
		{3C6C77C4-E5FA-4803-9A9A-F722AAFC1C25}.Release|Any CPU.ActiveCfg = Release|Any CPU
		{3C6C77C4-E5FA-4803-9A9A-F722AAFC1C25}.Release|Any CPU.Build.0 = Release|Any CPU
		{99AF6121-A88D-4799-B714-66EA674410B3}.Debug|Any CPU.ActiveCfg = Debug|Any CPU
		{99AF6121-A88D-4799-B714-66EA674410B3}.Debug|Any CPU.Build.0 = Debug|Any CPU
		{99AF6121-A88D-4799-B714-66EA674410B3}.Release|Any CPU.ActiveCfg = Release|Any CPU
		{99AF6121-A88D-4799-B714-66EA674410B3}.Release|Any CPU.Build.0 = Release|Any CPU
		{2BE7E086-6339-462C-AA18-02AA136D37A5}.Debug|Any CPU.ActiveCfg = Debug|Any CPU
		{2BE7E086-6339-462C-AA18-02AA136D37A5}.Debug|Any CPU.Build.0 = Debug|Any CPU
		{2BE7E086-6339-462C-AA18-02AA136D37A5}.Release|Any CPU.ActiveCfg = Release|Any CPU
		{2BE7E086-6339-462C-AA18-02AA136D37A5}.Release|Any CPU.Build.0 = Release|Any CPU
		{7EC78C39-17B1-4AAA-B050-5E333ABB7FD8}.Debug|Any CPU.ActiveCfg = Debug|Any CPU
		{7EC78C39-17B1-4AAA-B050-5E333ABB7FD8}.Debug|Any CPU.Build.0 = Debug|Any CPU
		{7EC78C39-17B1-4AAA-B050-5E333ABB7FD8}.Release|Any CPU.ActiveCfg = Release|Any CPU
		{7EC78C39-17B1-4AAA-B050-5E333ABB7FD8}.Release|Any CPU.Build.0 = Release|Any CPU
		{BD185837-E662-4E51-8633-0BC762078E79}.Debug|Any CPU.ActiveCfg = Debug|Any CPU
		{BD185837-E662-4E51-8633-0BC762078E79}.Debug|Any CPU.Build.0 = Debug|Any CPU
		{BD185837-E662-4E51-8633-0BC762078E79}.Release|Any CPU.ActiveCfg = Release|Any CPU
		{BD185837-E662-4E51-8633-0BC762078E79}.Release|Any CPU.Build.0 = Release|Any CPU
		{177FE739-7A46-4378-9D40-56A69E2EB838}.Debug|Any CPU.ActiveCfg = Debug|Any CPU
		{177FE739-7A46-4378-9D40-56A69E2EB838}.Debug|Any CPU.Build.0 = Debug|Any CPU
		{177FE739-7A46-4378-9D40-56A69E2EB838}.Release|Any CPU.ActiveCfg = Release|Any CPU
		{177FE739-7A46-4378-9D40-56A69E2EB838}.Release|Any CPU.Build.0 = Release|Any CPU
		{B983680A-764A-478D-B60D-873799C46119}.Debug|Any CPU.ActiveCfg = Debug|Any CPU
		{B983680A-764A-478D-B60D-873799C46119}.Debug|Any CPU.Build.0 = Debug|Any CPU
		{B983680A-764A-478D-B60D-873799C46119}.Release|Any CPU.ActiveCfg = Release|Any CPU
		{B983680A-764A-478D-B60D-873799C46119}.Release|Any CPU.Build.0 = Release|Any CPU
		{ADD063EE-6086-403A-8B33-84C152E6695D}.Debug|Any CPU.ActiveCfg = Debug|Any CPU
		{ADD063EE-6086-403A-8B33-84C152E6695D}.Debug|Any CPU.Build.0 = Debug|Any CPU
		{ADD063EE-6086-403A-8B33-84C152E6695D}.Release|Any CPU.ActiveCfg = Release|Any CPU
		{ADD063EE-6086-403A-8B33-84C152E6695D}.Release|Any CPU.Build.0 = Release|Any CPU
		{9DB855CC-C96E-41F4-812D-F1738F7D3DA0}.Debug|Any CPU.ActiveCfg = Debug|Any CPU
		{9DB855CC-C96E-41F4-812D-F1738F7D3DA0}.Debug|Any CPU.Build.0 = Debug|Any CPU
		{9DB855CC-C96E-41F4-812D-F1738F7D3DA0}.Release|Any CPU.ActiveCfg = Release|Any CPU
		{9DB855CC-C96E-41F4-812D-F1738F7D3DA0}.Release|Any CPU.Build.0 = Release|Any CPU
		{415C8817-003E-4BCD-8769-D3B9BE499375}.Debug|Any CPU.ActiveCfg = Debug|Any CPU
		{415C8817-003E-4BCD-8769-D3B9BE499375}.Debug|Any CPU.Build.0 = Debug|Any CPU
		{415C8817-003E-4BCD-8769-D3B9BE499375}.Release|Any CPU.ActiveCfg = Release|Any CPU
		{415C8817-003E-4BCD-8769-D3B9BE499375}.Release|Any CPU.Build.0 = Release|Any CPU
		{150A998D-0111-41F4-9730-348D74C39A1F}.Debug|Any CPU.ActiveCfg = Debug|Any CPU
		{150A998D-0111-41F4-9730-348D74C39A1F}.Debug|Any CPU.Build.0 = Debug|Any CPU
		{150A998D-0111-41F4-9730-348D74C39A1F}.Release|Any CPU.ActiveCfg = Release|Any CPU
		{150A998D-0111-41F4-9730-348D74C39A1F}.Release|Any CPU.Build.0 = Release|Any CPU
		{2E643212-7AAF-43E7-84D5-6BD396485367}.Debug|Any CPU.ActiveCfg = Debug|Any CPU
		{2E643212-7AAF-43E7-84D5-6BD396485367}.Debug|Any CPU.Build.0 = Debug|Any CPU
		{2E643212-7AAF-43E7-84D5-6BD396485367}.Release|Any CPU.ActiveCfg = Release|Any CPU
		{2E643212-7AAF-43E7-84D5-6BD396485367}.Release|Any CPU.Build.0 = Release|Any CPU
		{585CF914-2E79-466C-9280-A9F79AF938A5}.Debug|Any CPU.ActiveCfg = Debug|Any CPU
		{585CF914-2E79-466C-9280-A9F79AF938A5}.Debug|Any CPU.Build.0 = Debug|Any CPU
		{585CF914-2E79-466C-9280-A9F79AF938A5}.Release|Any CPU.ActiveCfg = Release|Any CPU
		{585CF914-2E79-466C-9280-A9F79AF938A5}.Release|Any CPU.Build.0 = Release|Any CPU
		{E0FB77EC-B734-4EEC-8259-3BAE7BFAADE4}.Debug|Any CPU.ActiveCfg = Debug|Any CPU
		{E0FB77EC-B734-4EEC-8259-3BAE7BFAADE4}.Debug|Any CPU.Build.0 = Debug|Any CPU
		{E0FB77EC-B734-4EEC-8259-3BAE7BFAADE4}.Release|Any CPU.ActiveCfg = Release|Any CPU
		{E0FB77EC-B734-4EEC-8259-3BAE7BFAADE4}.Release|Any CPU.Build.0 = Release|Any CPU
		{18F3187D-F84F-4CCD-AE4C-C79F413ABD1A}.Debug|Any CPU.ActiveCfg = Debug|Any CPU
		{18F3187D-F84F-4CCD-AE4C-C79F413ABD1A}.Debug|Any CPU.Build.0 = Debug|Any CPU
		{18F3187D-F84F-4CCD-AE4C-C79F413ABD1A}.Release|Any CPU.ActiveCfg = Release|Any CPU
		{18F3187D-F84F-4CCD-AE4C-C79F413ABD1A}.Release|Any CPU.Build.0 = Release|Any CPU
		{3C5C2B64-58D0-4E73-BEBD-9B15F3FF81F6}.Debug|Any CPU.ActiveCfg = Debug|Any CPU
		{3C5C2B64-58D0-4E73-BEBD-9B15F3FF81F6}.Debug|Any CPU.Build.0 = Debug|Any CPU
		{3C5C2B64-58D0-4E73-BEBD-9B15F3FF81F6}.Release|Any CPU.ActiveCfg = Release|Any CPU
		{3C5C2B64-58D0-4E73-BEBD-9B15F3FF81F6}.Release|Any CPU.Build.0 = Release|Any CPU
		{5154EAD4-E4D2-47A3-86F4-55F2C0FE7347}.Debug|Any CPU.ActiveCfg = Debug|Any CPU
		{5154EAD4-E4D2-47A3-86F4-55F2C0FE7347}.Debug|Any CPU.Build.0 = Debug|Any CPU
		{5154EAD4-E4D2-47A3-86F4-55F2C0FE7347}.Release|Any CPU.ActiveCfg = Release|Any CPU
		{5154EAD4-E4D2-47A3-86F4-55F2C0FE7347}.Release|Any CPU.Build.0 = Release|Any CPU
		{9E086AAE-E69B-4A0D-BE38-73D51C699F59}.Debug|Any CPU.ActiveCfg = Debug|Any CPU
		{9E086AAE-E69B-4A0D-BE38-73D51C699F59}.Debug|Any CPU.Build.0 = Debug|Any CPU
		{9E086AAE-E69B-4A0D-BE38-73D51C699F59}.Release|Any CPU.ActiveCfg = Release|Any CPU
		{9E086AAE-E69B-4A0D-BE38-73D51C699F59}.Release|Any CPU.Build.0 = Release|Any CPU
		{333FBAA4-336E-4C5F-A887-FA97F352CA80}.Debug|Any CPU.ActiveCfg = Debug|Any CPU
		{333FBAA4-336E-4C5F-A887-FA97F352CA80}.Debug|Any CPU.Build.0 = Debug|Any CPU
		{333FBAA4-336E-4C5F-A887-FA97F352CA80}.Release|Any CPU.ActiveCfg = Release|Any CPU
		{333FBAA4-336E-4C5F-A887-FA97F352CA80}.Release|Any CPU.Build.0 = Release|Any CPU
		{EFD55815-53C9-4C73-B01A-B0DB5386846C}.Debug|Any CPU.ActiveCfg = Debug|Any CPU
		{EFD55815-53C9-4C73-B01A-B0DB5386846C}.Debug|Any CPU.Build.0 = Debug|Any CPU
		{EFD55815-53C9-4C73-B01A-B0DB5386846C}.Release|Any CPU.ActiveCfg = Release|Any CPU
		{EFD55815-53C9-4C73-B01A-B0DB5386846C}.Release|Any CPU.Build.0 = Release|Any CPU
		{023DF98B-47C3-4696-9260-CB912BA962D8}.Debug|Any CPU.ActiveCfg = Debug|Any CPU
		{023DF98B-47C3-4696-9260-CB912BA962D8}.Debug|Any CPU.Build.0 = Debug|Any CPU
		{023DF98B-47C3-4696-9260-CB912BA962D8}.Release|Any CPU.ActiveCfg = Release|Any CPU
		{023DF98B-47C3-4696-9260-CB912BA962D8}.Release|Any CPU.Build.0 = Release|Any CPU
		{26F186E3-2B30-4FBD-970E-EF40B29554CB}.Debug|Any CPU.ActiveCfg = Debug|Any CPU
		{26F186E3-2B30-4FBD-970E-EF40B29554CB}.Debug|Any CPU.Build.0 = Debug|Any CPU
		{26F186E3-2B30-4FBD-970E-EF40B29554CB}.Release|Any CPU.ActiveCfg = Release|Any CPU
		{26F186E3-2B30-4FBD-970E-EF40B29554CB}.Release|Any CPU.Build.0 = Release|Any CPU
		{14CC092A-060B-473B-BADD-027348EAA6D1}.Debug|Any CPU.ActiveCfg = Debug|Any CPU
		{14CC092A-060B-473B-BADD-027348EAA6D1}.Debug|Any CPU.Build.0 = Debug|Any CPU
		{14CC092A-060B-473B-BADD-027348EAA6D1}.Release|Any CPU.ActiveCfg = Release|Any CPU
		{14CC092A-060B-473B-BADD-027348EAA6D1}.Release|Any CPU.Build.0 = Release|Any CPU
		{02125A01-3AFD-4BBB-89CB-3F71E9B0A573}.Debug|Any CPU.ActiveCfg = Debug|Any CPU
		{02125A01-3AFD-4BBB-89CB-3F71E9B0A573}.Debug|Any CPU.Build.0 = Debug|Any CPU
		{02125A01-3AFD-4BBB-89CB-3F71E9B0A573}.Release|Any CPU.ActiveCfg = Release|Any CPU
		{02125A01-3AFD-4BBB-89CB-3F71E9B0A573}.Release|Any CPU.Build.0 = Release|Any CPU
		{14CA1A4A-4497-4AF0-95AD-89EC778D826A}.Debug|Any CPU.ActiveCfg = Debug|Any CPU
		{14CA1A4A-4497-4AF0-95AD-89EC778D826A}.Debug|Any CPU.Build.0 = Debug|Any CPU
		{14CA1A4A-4497-4AF0-95AD-89EC778D826A}.Release|Any CPU.ActiveCfg = Release|Any CPU
		{14CA1A4A-4497-4AF0-95AD-89EC778D826A}.Release|Any CPU.Build.0 = Release|Any CPU
		{FADB8DD4-478B-4AA9-BD6D-54DBF0B81152}.Debug|Any CPU.ActiveCfg = Debug|Any CPU
		{FADB8DD4-478B-4AA9-BD6D-54DBF0B81152}.Debug|Any CPU.Build.0 = Debug|Any CPU
		{FADB8DD4-478B-4AA9-BD6D-54DBF0B81152}.Release|Any CPU.ActiveCfg = Release|Any CPU
		{FADB8DD4-478B-4AA9-BD6D-54DBF0B81152}.Release|Any CPU.Build.0 = Release|Any CPU
		{53EE7C23-9152-4AFD-86D8-26A84B1F6822}.Debug|Any CPU.ActiveCfg = Debug|Any CPU
		{53EE7C23-9152-4AFD-86D8-26A84B1F6822}.Debug|Any CPU.Build.0 = Debug|Any CPU
		{53EE7C23-9152-4AFD-86D8-26A84B1F6822}.Release|Any CPU.ActiveCfg = Release|Any CPU
		{53EE7C23-9152-4AFD-86D8-26A84B1F6822}.Release|Any CPU.Build.0 = Release|Any CPU
		{47BED824-8166-4847-8025-3A64B688B7B7}.Debug|Any CPU.ActiveCfg = Debug|Any CPU
		{47BED824-8166-4847-8025-3A64B688B7B7}.Debug|Any CPU.Build.0 = Debug|Any CPU
		{47BED824-8166-4847-8025-3A64B688B7B7}.Release|Any CPU.ActiveCfg = Release|Any CPU
		{47BED824-8166-4847-8025-3A64B688B7B7}.Release|Any CPU.Build.0 = Release|Any CPU
		{65131714-AE7F-424F-9FA3-A7074AA7E466}.Debug|Any CPU.ActiveCfg = Debug|Any CPU
		{65131714-AE7F-424F-9FA3-A7074AA7E466}.Debug|Any CPU.Build.0 = Debug|Any CPU
		{65131714-AE7F-424F-9FA3-A7074AA7E466}.Release|Any CPU.ActiveCfg = Release|Any CPU
		{65131714-AE7F-424F-9FA3-A7074AA7E466}.Release|Any CPU.Build.0 = Release|Any CPU
	EndGlobalSection
	GlobalSection(SolutionProperties) = preSolution
		HideSolutionNode = FALSE
	EndGlobalSection
	GlobalSection(NestedProjects) = preSolution
		{FD982518-168F-44FF-81CD-2571BFA2CBCD} = {80894132-2B3F-408E-8607-C26FFD8D853A}
		{040AD0E3-E3BD-41FD-8EF7-2986A65203DC} = {BB4A2AFF-DD5A-4B33-9065-57F7491E219E}
		{15A59EEF-E7E8-46CE-BDFB-C28A2C13A689} = {BB4A2AFF-DD5A-4B33-9065-57F7491E219E}
		{312A21A2-C08C-44E0-B078-D13A9404ABB9} = {7FC01310-3A52-4E85-BC6B-9583FCB887A3}
		{BF07C32E-588B-4670-B0CB-B8E4CF279649} = {7FC01310-3A52-4E85-BC6B-9583FCB887A3}
		{E46DA91A-88BC-4D10-85F4-0F997672318B} = {7FC01310-3A52-4E85-BC6B-9583FCB887A3}
		{2270E19A-C849-4BE3-89DE-71B36F0FBE87} = {7FC01310-3A52-4E85-BC6B-9583FCB887A3}
		{3C6C77C4-E5FA-4803-9A9A-F722AAFC1C25} = {7FC01310-3A52-4E85-BC6B-9583FCB887A3}
		{99AF6121-A88D-4799-B714-66EA674410B3} = {7FC01310-3A52-4E85-BC6B-9583FCB887A3}
		{2BE7E086-6339-462C-AA18-02AA136D37A5} = {BB4A2AFF-DD5A-4B33-9065-57F7491E219E}
		{7EC78C39-17B1-4AAA-B050-5E333ABB7FD8} = {BB4A2AFF-DD5A-4B33-9065-57F7491E219E}
		{BD185837-E662-4E51-8633-0BC762078E79} = {BB4A2AFF-DD5A-4B33-9065-57F7491E219E}
		{177FE739-7A46-4378-9D40-56A69E2EB838} = {BB4A2AFF-DD5A-4B33-9065-57F7491E219E}
		{B983680A-764A-478D-B60D-873799C46119} = {BB4A2AFF-DD5A-4B33-9065-57F7491E219E}
		{ADD063EE-6086-403A-8B33-84C152E6695D} = {BB4A2AFF-DD5A-4B33-9065-57F7491E219E}
		{9DB855CC-C96E-41F4-812D-F1738F7D3DA0} = {BB4A2AFF-DD5A-4B33-9065-57F7491E219E}
		{415C8817-003E-4BCD-8769-D3B9BE499375} = {BB4A2AFF-DD5A-4B33-9065-57F7491E219E}
		{150A998D-0111-41F4-9730-348D74C39A1F} = {BB4A2AFF-DD5A-4B33-9065-57F7491E219E}
		{2E643212-7AAF-43E7-84D5-6BD396485367} = {BB4A2AFF-DD5A-4B33-9065-57F7491E219E}
		{585CF914-2E79-466C-9280-A9F79AF938A5} = {BB4A2AFF-DD5A-4B33-9065-57F7491E219E}
		{E0FB77EC-B734-4EEC-8259-3BAE7BFAADE4} = {BB4A2AFF-DD5A-4B33-9065-57F7491E219E}
		{18F3187D-F84F-4CCD-AE4C-C79F413ABD1A} = {BB4A2AFF-DD5A-4B33-9065-57F7491E219E}
		{3C5C2B64-58D0-4E73-BEBD-9B15F3FF81F6} = {7FC01310-3A52-4E85-BC6B-9583FCB887A3}
		{5154EAD4-E4D2-47A3-86F4-55F2C0FE7347} = {BB4A2AFF-DD5A-4B33-9065-57F7491E219E}
		{9E086AAE-E69B-4A0D-BE38-73D51C699F59} = {BB4A2AFF-DD5A-4B33-9065-57F7491E219E}
		{333FBAA4-336E-4C5F-A887-FA97F352CA80} = {BB4A2AFF-DD5A-4B33-9065-57F7491E219E}
		{EFD55815-53C9-4C73-B01A-B0DB5386846C} = {BB4A2AFF-DD5A-4B33-9065-57F7491E219E}
		{023DF98B-47C3-4696-9260-CB912BA962D8} = {BB4A2AFF-DD5A-4B33-9065-57F7491E219E}
		{26F186E3-2B30-4FBD-970E-EF40B29554CB} = {BB4A2AFF-DD5A-4B33-9065-57F7491E219E}
		{14CC092A-060B-473B-BADD-027348EAA6D1} = {BB4A2AFF-DD5A-4B33-9065-57F7491E219E}
		{02125A01-3AFD-4BBB-89CB-3F71E9B0A573} = {BB4A2AFF-DD5A-4B33-9065-57F7491E219E}
		{14CA1A4A-4497-4AF0-95AD-89EC778D826A} = {BB4A2AFF-DD5A-4B33-9065-57F7491E219E}
		{FADB8DD4-478B-4AA9-BD6D-54DBF0B81152} = {BB4A2AFF-DD5A-4B33-9065-57F7491E219E}
		{53EE7C23-9152-4AFD-86D8-26A84B1F6822} = {BB4A2AFF-DD5A-4B33-9065-57F7491E219E}
		{47BED824-8166-4847-8025-3A64B688B7B7} = {BB4A2AFF-DD5A-4B33-9065-57F7491E219E}
		{65131714-AE7F-424F-9FA3-A7074AA7E466} = {BB4A2AFF-DD5A-4B33-9065-57F7491E219E}
	EndGlobalSection
	GlobalSection(ExtensibilityGlobals) = postSolution
		SolutionGuid = {84E1731A-ECFD-4041-B86A-3ED451DD8EEC}
	EndGlobalSection
EndGlobal
